// !$*UTF8*$!
{
	archiveVersion = 1;
	classes = {
	};
	objectVersion = 52;
	objects = {

/* Begin PBXBuildFile section */
		40CCAE0EF3655BA54C14F46E /* Pods_SwiftlyRedux.framework in Frameworks */ = {isa = PBXBuildFile; fileRef = 748B5358F30A202482597A9A /* Pods_SwiftlyRedux.framework */; };
		912511FA25BF722D001E071A /* LoadingView.swift in Sources */ = {isa = PBXBuildFile; fileRef = 912511F925BF722D001E071A /* LoadingView.swift */; };
		912511FF25BF73D9001E071A /* FeedView.swift in Sources */ = {isa = PBXBuildFile; fileRef = 912511FE25BF73D9001E071A /* FeedView.swift */; };
		9125120425BF746F001E071A /* FeedViewModel.swift in Sources */ = {isa = PBXBuildFile; fileRef = 9125120325BF746F001E071A /* FeedViewModel.swift */; };
		9125120925BF74E0001E071A /* MediaCellViewModel.swift in Sources */ = {isa = PBXBuildFile; fileRef = 9125120825BF74E0001E071A /* MediaCellViewModel.swift */; };
		9125120E25BF750A001E071A /* MediaCell.swift in Sources */ = {isa = PBXBuildFile; fileRef = 9125120D25BF750A001E071A /* MediaCell.swift */; };
		9125121325BF7768001E071A /* PlayerView.swift in Sources */ = {isa = PBXBuildFile; fileRef = 9125121225BF7768001E071A /* PlayerView.swift */; };
		9125121825BF7782001E071A /* PlayerViewModel.swift in Sources */ = {isa = PBXBuildFile; fileRef = 9125121725BF7782001E071A /* PlayerViewModel.swift */; };
		912A0F4A25BBCFB8005D15FF /* SwiftlyReduxApp.swift in Sources */ = {isa = PBXBuildFile; fileRef = 912A0F4925BBCFB8005D15FF /* SwiftlyReduxApp.swift */; };
		912A0F4C25BBCFB8005D15FF /* HomePageView.swift in Sources */ = {isa = PBXBuildFile; fileRef = 912A0F4B25BBCFB8005D15FF /* HomePageView.swift */; };
		912A0F4E25BBCFBA005D15FF /* Assets.xcassets in Resources */ = {isa = PBXBuildFile; fileRef = 912A0F4D25BBCFBA005D15FF /* Assets.xcassets */; };
		912A0F5125BBCFBA005D15FF /* Preview Assets.xcassets in Resources */ = {isa = PBXBuildFile; fileRef = 912A0F5025BBCFBA005D15FF /* Preview Assets.xcassets */; };
		912A0F5C25BBCFBA005D15FF /* SwiftlyReduxTests.swift in Sources */ = {isa = PBXBuildFile; fileRef = 912A0F5B25BBCFBA005D15FF /* SwiftlyReduxTests.swift */; };
		912A0F6725BBCFBA005D15FF /* SwiftlyReduxUITests.swift in Sources */ = {isa = PBXBuildFile; fileRef = 912A0F6625BBCFBA005D15FF /* SwiftlyReduxUITests.swift */; };
		912A0F9E25BBD1F9005D15FF /* FirebaseRealtimeManager.swift in Sources */ = {isa = PBXBuildFile; fileRef = 912A0F9B25BBD1F9005D15FF /* FirebaseRealtimeManager.swift */; };
		912A0F9F25BBD1F9005D15FF /* FireStorageManager.swift in Sources */ = {isa = PBXBuildFile; fileRef = 912A0F9C25BBD1F9005D15FF /* FireStorageManager.swift */; };
		912A0FA025BBD1F9005D15FF /* FirestoreManager.swift in Sources */ = {isa = PBXBuildFile; fileRef = 912A0F9D25BBD1F9005D15FF /* FirestoreManager.swift */; };
		912A0FB525BBD21F005D15FF /* StateCoordinator.swift in Sources */ = {isa = PBXBuildFile; fileRef = 912A0FAB25BBD21F005D15FF /* StateCoordinator.swift */; };
		912A0FB725BBD21F005D15FF /* DataCoordinator.swift in Sources */ = {isa = PBXBuildFile; fileRef = 912A0FAD25BBD21F005D15FF /* DataCoordinator.swift */; };
		912A0FB825BBD21F005D15FF /* Subscription.swift in Sources */ = {isa = PBXBuildFile; fileRef = 912A0FAE25BBD21F005D15FF /* Subscription.swift */; };
		912A0FB925BBD21F005D15FF /* MediaModule.swift in Sources */ = {isa = PBXBuildFile; fileRef = 912A0FAF25BBD21F005D15FF /* MediaModule.swift */; };
		912A0FBB25BBD21F005D15FF /* Module.swift in Sources */ = {isa = PBXBuildFile; fileRef = 912A0FB125BBD21F005D15FF /* Module.swift */; };
		912A0FBD25BBD21F005D15FF /* AuthModule.swift in Sources */ = {isa = PBXBuildFile; fileRef = 912A0FB325BBD21F005D15FF /* AuthModule.swift */; };
		912A0FBE25BBD21F005D15FF /* SessionModule.swift in Sources */ = {isa = PBXBuildFile; fileRef = 912A0FB425BBD21F005D15FF /* SessionModule.swift */; };
		912A0FC425BBD259005D15FF /* SimpleApiClient in Frameworks */ = {isa = PBXBuildFile; productRef = 912A0FC325BBD259005D15FF /* SimpleApiClient */; };
		912A0FCA25BBD273005D15FF /* SDWebImageSwiftUI in Frameworks */ = {isa = PBXBuildFile; productRef = 912A0FC925BBD273005D15FF /* SDWebImageSwiftUI */; };
		912A0FE325BBD3B0005D15FF /* Profile.swift in Sources */ = {isa = PBXBuildFile; fileRef = 912A0FE025BBD3AF005D15FF /* Profile.swift */; };
		912A0FE425BBD3B0005D15FF /* RealtimeSession.swift in Sources */ = {isa = PBXBuildFile; fileRef = 912A0FE125BBD3B0005D15FF /* RealtimeSession.swift */; };
		912A0FEB25BBD3EA005D15FF /* LoginValidator.swift in Sources */ = {isa = PBXBuildFile; fileRef = 912A0FEA25BBD3EA005D15FF /* LoginValidator.swift */; };
		912A101125BBD4CD005D15FF /* GoogleService-Info.plist in Resources */ = {isa = PBXBuildFile; fileRef = 912A101025BBD4CD005D15FF /* GoogleService-Info.plist */; };
		912A102725BBD66D005D15FF /* Default.swift in Sources */ = {isa = PBXBuildFile; fileRef = 912A102525BBD66D005D15FF /* Default.swift */; };
		912A102825BBD66D005D15FF /* Theme.swift in Sources */ = {isa = PBXBuildFile; fileRef = 912A102625BBD66D005D15FF /* Theme.swift */; };
		912A102E25BBD6A0005D15FF /* EnvironmentVars.swift in Sources */ = {isa = PBXBuildFile; fileRef = 912A102D25BBD6A0005D15FF /* EnvironmentVars.swift */; };
		912A103425BBD755005D15FF /* Colorful in Frameworks */ = {isa = PBXBuildFile; productRef = 912A103325BBD755005D15FF /* Colorful */; };
		914BE64625BC748C0018C9B1 /* LoadingViewModifier.swift in Sources */ = {isa = PBXBuildFile; fileRef = 914BE64525BC748C0018C9B1 /* LoadingViewModifier.swift */; };
		914BE69325BC77510018C9B1 /* Media.swift in Sources */ = {isa = PBXBuildFile; fileRef = 914BE69225BC77510018C9B1 /* Media.swift */; };
		914BE6C125BC7CAB0018C9B1 /* Feed.swift in Sources */ = {isa = PBXBuildFile; fileRef = 914BE6C025BC7CAB0018C9B1 /* Feed.swift */; };
		914BE6CD25BC88C20018C9B1 /* ImagePicker.swift in Sources */ = {isa = PBXBuildFile; fileRef = 914BE6CC25BC88C20018C9B1 /* ImagePicker.swift */; };
		914BE6D225BC896A0018C9B1 /* LoginView.swift in Sources */ = {isa = PBXBuildFile; fileRef = 914BE6D125BC896A0018C9B1 /* LoginView.swift */; };
		914BE6DB25BC89C60018C9B1 /* CloseableTextFieldViewModel.swift in Sources */ = {isa = PBXBuildFile; fileRef = 914BE6DA25BC89C60018C9B1 /* CloseableTextFieldViewModel.swift */; };
		914BE6E025BC89CF0018C9B1 /* ClosableTextField.swift in Sources */ = {isa = PBXBuildFile; fileRef = 914BE6DF25BC89CF0018C9B1 /* ClosableTextField.swift */; };
		914BE6E625BC8A9C0018C9B1 /* Color+ext.swift in Sources */ = {isa = PBXBuildFile; fileRef = 914BE6E525BC8A9C0018C9B1 /* Color+ext.swift */; };
		91F1ED0825BC9049005140FA /* HeaderView.swift in Sources */ = {isa = PBXBuildFile; fileRef = 91F1ED0725BC9049005140FA /* HeaderView.swift */; };
		91F1ED0D25BC907E005140FA /* HeaderViewModel.swift in Sources */ = {isa = PBXBuildFile; fileRef = 91F1ED0C25BC907E005140FA /* HeaderViewModel.swift */; };
		91F1ED1225BC9740005140FA /* RegisterView.swift in Sources */ = {isa = PBXBuildFile; fileRef = 91F1ED1125BC9740005140FA /* RegisterView.swift */; };
		91F1ED1725BC9994005140FA /* ProfileView.swift in Sources */ = {isa = PBXBuildFile; fileRef = 91F1ED1625BC9994005140FA /* ProfileView.swift */; };
		91F1ED1C25BC99FA005140FA /* ProfileViewModel.swift in Sources */ = {isa = PBXBuildFile; fileRef = 91F1ED1B25BC99FA005140FA /* ProfileViewModel.swift */; };
		91F1ED2125BC9A56005140FA /* ButtonViewModel.swift in Sources */ = {isa = PBXBuildFile; fileRef = 91F1ED2025BC9A56005140FA /* ButtonViewModel.swift */; };
		91F1ED2625BC9A67005140FA /* ButtonView.swift in Sources */ = {isa = PBXBuildFile; fileRef = 91F1ED2525BC9A67005140FA /* ButtonView.swift */; };
		A92C076F7F1C0B53820BD6F9 /* Pods_SwiftlyReduxTests.framework in Frameworks */ = {isa = PBXBuildFile; fileRef = 746BD59E1D3721DD0CDFA024 /* Pods_SwiftlyReduxTests.framework */; };
		C9CD1E71FDDE285BE7835FA0 /* Pods_SwiftlyRedux_SwiftlyReduxUITests.framework in Frameworks */ = {isa = PBXBuildFile; fileRef = AF74650AEBCB961BE2F9F515 /* Pods_SwiftlyRedux_SwiftlyReduxUITests.framework */; };
/* End PBXBuildFile section */

/* Begin PBXContainerItemProxy section */
		912A0F5825BBCFBA005D15FF /* PBXContainerItemProxy */ = {
			isa = PBXContainerItemProxy;
			containerPortal = 912A0F3E25BBCFB8005D15FF /* Project object */;
			proxyType = 1;
			remoteGlobalIDString = 912A0F4525BBCFB8005D15FF;
			remoteInfo = SwiftlyRedux;
		};
		912A0F6325BBCFBA005D15FF /* PBXContainerItemProxy */ = {
			isa = PBXContainerItemProxy;
			containerPortal = 912A0F3E25BBCFB8005D15FF /* Project object */;
			proxyType = 1;
			remoteGlobalIDString = 912A0F4525BBCFB8005D15FF;
			remoteInfo = SwiftlyRedux;
		};
/* End PBXContainerItemProxy section */

/* Begin PBXFileReference section */
		23A537ADE3580346CA8472C7 /* Pods-SwiftlyRedux-SwiftlyReduxUITests.release.xcconfig */ = {isa = PBXFileReference; includeInIndex = 1; lastKnownFileType = text.xcconfig; name = "Pods-SwiftlyRedux-SwiftlyReduxUITests.release.xcconfig"; path = "Target Support Files/Pods-SwiftlyRedux-SwiftlyReduxUITests/Pods-SwiftlyRedux-SwiftlyReduxUITests.release.xcconfig"; sourceTree = "<group>"; };
		2A18409408A8E5A08554502A /* Pods-SwiftlyRedux-SwiftlyReduxUITests.debug.xcconfig */ = {isa = PBXFileReference; includeInIndex = 1; lastKnownFileType = text.xcconfig; name = "Pods-SwiftlyRedux-SwiftlyReduxUITests.debug.xcconfig"; path = "Target Support Files/Pods-SwiftlyRedux-SwiftlyReduxUITests/Pods-SwiftlyRedux-SwiftlyReduxUITests.debug.xcconfig"; sourceTree = "<group>"; };
		4EB53F30384003D01041C4D9 /* Pods-SwiftlyReduxTests.release.xcconfig */ = {isa = PBXFileReference; includeInIndex = 1; lastKnownFileType = text.xcconfig; name = "Pods-SwiftlyReduxTests.release.xcconfig"; path = "Target Support Files/Pods-SwiftlyReduxTests/Pods-SwiftlyReduxTests.release.xcconfig"; sourceTree = "<group>"; };
		6E224D23D2F077F597FFD4AE /* Pods-SwiftlyReduxTests.debug.xcconfig */ = {isa = PBXFileReference; includeInIndex = 1; lastKnownFileType = text.xcconfig; name = "Pods-SwiftlyReduxTests.debug.xcconfig"; path = "Target Support Files/Pods-SwiftlyReduxTests/Pods-SwiftlyReduxTests.debug.xcconfig"; sourceTree = "<group>"; };
		746BD59E1D3721DD0CDFA024 /* Pods_SwiftlyReduxTests.framework */ = {isa = PBXFileReference; explicitFileType = wrapper.framework; includeInIndex = 0; path = Pods_SwiftlyReduxTests.framework; sourceTree = BUILT_PRODUCTS_DIR; };
		748B5358F30A202482597A9A /* Pods_SwiftlyRedux.framework */ = {isa = PBXFileReference; explicitFileType = wrapper.framework; includeInIndex = 0; path = Pods_SwiftlyRedux.framework; sourceTree = BUILT_PRODUCTS_DIR; };
		912511F925BF722D001E071A /* LoadingView.swift */ = {isa = PBXFileReference; lastKnownFileType = sourcecode.swift; path = LoadingView.swift; sourceTree = "<group>"; };
		912511FE25BF73D9001E071A /* FeedView.swift */ = {isa = PBXFileReference; lastKnownFileType = sourcecode.swift; path = FeedView.swift; sourceTree = "<group>"; };
		9125120325BF746F001E071A /* FeedViewModel.swift */ = {isa = PBXFileReference; lastKnownFileType = sourcecode.swift; path = FeedViewModel.swift; sourceTree = "<group>"; };
		9125120825BF74E0001E071A /* MediaCellViewModel.swift */ = {isa = PBXFileReference; lastKnownFileType = sourcecode.swift; path = MediaCellViewModel.swift; sourceTree = "<group>"; };
		9125120D25BF750A001E071A /* MediaCell.swift */ = {isa = PBXFileReference; lastKnownFileType = sourcecode.swift; path = MediaCell.swift; sourceTree = "<group>"; };
		9125121225BF7768001E071A /* PlayerView.swift */ = {isa = PBXFileReference; lastKnownFileType = sourcecode.swift; path = PlayerView.swift; sourceTree = "<group>"; };
		9125121725BF7782001E071A /* PlayerViewModel.swift */ = {isa = PBXFileReference; lastKnownFileType = sourcecode.swift; path = PlayerViewModel.swift; sourceTree = "<group>"; };
		912A0F4625BBCFB8005D15FF /* SwiftlyRedux.app */ = {isa = PBXFileReference; explicitFileType = wrapper.application; includeInIndex = 0; path = SwiftlyRedux.app; sourceTree = BUILT_PRODUCTS_DIR; };
		912A0F4925BBCFB8005D15FF /* SwiftlyReduxApp.swift */ = {isa = PBXFileReference; lastKnownFileType = sourcecode.swift; path = SwiftlyReduxApp.swift; sourceTree = "<group>"; };
		912A0F4B25BBCFB8005D15FF /* HomePageView.swift */ = {isa = PBXFileReference; lastKnownFileType = sourcecode.swift; path = HomePageView.swift; sourceTree = "<group>"; };
		912A0F4D25BBCFBA005D15FF /* Assets.xcassets */ = {isa = PBXFileReference; lastKnownFileType = folder.assetcatalog; path = Assets.xcassets; sourceTree = "<group>"; };
		912A0F5025BBCFBA005D15FF /* Preview Assets.xcassets */ = {isa = PBXFileReference; lastKnownFileType = folder.assetcatalog; path = "Preview Assets.xcassets"; sourceTree = "<group>"; };
		912A0F5225BBCFBA005D15FF /* Info.plist */ = {isa = PBXFileReference; lastKnownFileType = text.plist.xml; path = Info.plist; sourceTree = "<group>"; };
		912A0F5725BBCFBA005D15FF /* SwiftlyReduxTests.xctest */ = {isa = PBXFileReference; explicitFileType = wrapper.cfbundle; includeInIndex = 0; path = SwiftlyReduxTests.xctest; sourceTree = BUILT_PRODUCTS_DIR; };
		912A0F5B25BBCFBA005D15FF /* SwiftlyReduxTests.swift */ = {isa = PBXFileReference; lastKnownFileType = sourcecode.swift; path = SwiftlyReduxTests.swift; sourceTree = "<group>"; };
		912A0F5D25BBCFBA005D15FF /* Info.plist */ = {isa = PBXFileReference; lastKnownFileType = text.plist.xml; path = Info.plist; sourceTree = "<group>"; };
		912A0F6225BBCFBA005D15FF /* SwiftlyReduxUITests.xctest */ = {isa = PBXFileReference; explicitFileType = wrapper.cfbundle; includeInIndex = 0; path = SwiftlyReduxUITests.xctest; sourceTree = BUILT_PRODUCTS_DIR; };
		912A0F6625BBCFBA005D15FF /* SwiftlyReduxUITests.swift */ = {isa = PBXFileReference; lastKnownFileType = sourcecode.swift; path = SwiftlyReduxUITests.swift; sourceTree = "<group>"; };
		912A0F6825BBCFBB005D15FF /* Info.plist */ = {isa = PBXFileReference; lastKnownFileType = text.plist.xml; path = Info.plist; sourceTree = "<group>"; };
		912A0F9B25BBD1F9005D15FF /* FirebaseRealtimeManager.swift */ = {isa = PBXFileReference; fileEncoding = 4; lastKnownFileType = sourcecode.swift; path = FirebaseRealtimeManager.swift; sourceTree = "<group>"; };
		912A0F9C25BBD1F9005D15FF /* FireStorageManager.swift */ = {isa = PBXFileReference; fileEncoding = 4; lastKnownFileType = sourcecode.swift; path = FireStorageManager.swift; sourceTree = "<group>"; };
		912A0F9D25BBD1F9005D15FF /* FirestoreManager.swift */ = {isa = PBXFileReference; fileEncoding = 4; lastKnownFileType = sourcecode.swift; path = FirestoreManager.swift; sourceTree = "<group>"; };
		912A0FAB25BBD21F005D15FF /* StateCoordinator.swift */ = {isa = PBXFileReference; fileEncoding = 4; lastKnownFileType = sourcecode.swift; path = StateCoordinator.swift; sourceTree = "<group>"; };
		912A0FAD25BBD21F005D15FF /* DataCoordinator.swift */ = {isa = PBXFileReference; fileEncoding = 4; lastKnownFileType = sourcecode.swift; path = DataCoordinator.swift; sourceTree = "<group>"; };
		912A0FAE25BBD21F005D15FF /* Subscription.swift */ = {isa = PBXFileReference; fileEncoding = 4; lastKnownFileType = sourcecode.swift; path = Subscription.swift; sourceTree = "<group>"; };
		912A0FAF25BBD21F005D15FF /* MediaModule.swift */ = {isa = PBXFileReference; fileEncoding = 4; lastKnownFileType = sourcecode.swift; path = MediaModule.swift; sourceTree = "<group>"; };
		912A0FB125BBD21F005D15FF /* Module.swift */ = {isa = PBXFileReference; fileEncoding = 4; lastKnownFileType = sourcecode.swift; path = Module.swift; sourceTree = "<group>"; };
		912A0FB325BBD21F005D15FF /* AuthModule.swift */ = {isa = PBXFileReference; fileEncoding = 4; lastKnownFileType = sourcecode.swift; path = AuthModule.swift; sourceTree = "<group>"; };
		912A0FB425BBD21F005D15FF /* SessionModule.swift */ = {isa = PBXFileReference; fileEncoding = 4; lastKnownFileType = sourcecode.swift; path = SessionModule.swift; sourceTree = "<group>"; };
		912A0FE025BBD3AF005D15FF /* Profile.swift */ = {isa = PBXFileReference; fileEncoding = 4; lastKnownFileType = sourcecode.swift; path = Profile.swift; sourceTree = "<group>"; };
		912A0FE125BBD3B0005D15FF /* RealtimeSession.swift */ = {isa = PBXFileReference; fileEncoding = 4; lastKnownFileType = sourcecode.swift; path = RealtimeSession.swift; sourceTree = "<group>"; };
		912A0FEA25BBD3EA005D15FF /* LoginValidator.swift */ = {isa = PBXFileReference; fileEncoding = 4; lastKnownFileType = sourcecode.swift; path = LoginValidator.swift; sourceTree = "<group>"; };
		912A101025BBD4CD005D15FF /* GoogleService-Info.plist */ = {isa = PBXFileReference; fileEncoding = 4; lastKnownFileType = text.plist.xml; path = "GoogleService-Info.plist"; sourceTree = "<group>"; };
		912A102525BBD66D005D15FF /* Default.swift */ = {isa = PBXFileReference; fileEncoding = 4; lastKnownFileType = sourcecode.swift; path = Default.swift; sourceTree = "<group>"; };
		912A102625BBD66D005D15FF /* Theme.swift */ = {isa = PBXFileReference; fileEncoding = 4; lastKnownFileType = sourcecode.swift; path = Theme.swift; sourceTree = "<group>"; };
		912A102D25BBD6A0005D15FF /* EnvironmentVars.swift */ = {isa = PBXFileReference; fileEncoding = 4; lastKnownFileType = sourcecode.swift; path = EnvironmentVars.swift; sourceTree = "<group>"; };
		914BE64525BC748C0018C9B1 /* LoadingViewModifier.swift */ = {isa = PBXFileReference; lastKnownFileType = sourcecode.swift; path = LoadingViewModifier.swift; sourceTree = "<group>"; };
		914BE69225BC77510018C9B1 /* Media.swift */ = {isa = PBXFileReference; lastKnownFileType = sourcecode.swift; path = Media.swift; sourceTree = "<group>"; };
		914BE6C025BC7CAB0018C9B1 /* Feed.swift */ = {isa = PBXFileReference; lastKnownFileType = sourcecode.swift; path = Feed.swift; sourceTree = "<group>"; };
		914BE6CC25BC88C20018C9B1 /* ImagePicker.swift */ = {isa = PBXFileReference; lastKnownFileType = sourcecode.swift; path = ImagePicker.swift; sourceTree = "<group>"; };
		914BE6D125BC896A0018C9B1 /* LoginView.swift */ = {isa = PBXFileReference; lastKnownFileType = sourcecode.swift; path = LoginView.swift; sourceTree = "<group>"; };
		914BE6DA25BC89C60018C9B1 /* CloseableTextFieldViewModel.swift */ = {isa = PBXFileReference; fileEncoding = 4; lastKnownFileType = sourcecode.swift; path = CloseableTextFieldViewModel.swift; sourceTree = "<group>"; };
		914BE6DF25BC89CF0018C9B1 /* ClosableTextField.swift */ = {isa = PBXFileReference; fileEncoding = 4; lastKnownFileType = sourcecode.swift; path = ClosableTextField.swift; sourceTree = "<group>"; };
		914BE6E525BC8A9C0018C9B1 /* Color+ext.swift */ = {isa = PBXFileReference; lastKnownFileType = sourcecode.swift; path = "Color+ext.swift"; sourceTree = "<group>"; };
		91F1ED0725BC9049005140FA /* HeaderView.swift */ = {isa = PBXFileReference; lastKnownFileType = sourcecode.swift; path = HeaderView.swift; sourceTree = "<group>"; };
		91F1ED0C25BC907E005140FA /* HeaderViewModel.swift */ = {isa = PBXFileReference; lastKnownFileType = sourcecode.swift; path = HeaderViewModel.swift; sourceTree = "<group>"; };
		91F1ED1125BC9740005140FA /* RegisterView.swift */ = {isa = PBXFileReference; lastKnownFileType = sourcecode.swift; path = RegisterView.swift; sourceTree = "<group>"; };
		91F1ED1625BC9994005140FA /* ProfileView.swift */ = {isa = PBXFileReference; lastKnownFileType = sourcecode.swift; path = ProfileView.swift; sourceTree = "<group>"; };
		91F1ED1B25BC99FA005140FA /* ProfileViewModel.swift */ = {isa = PBXFileReference; lastKnownFileType = sourcecode.swift; path = ProfileViewModel.swift; sourceTree = "<group>"; };
		91F1ED2025BC9A56005140FA /* ButtonViewModel.swift */ = {isa = PBXFileReference; lastKnownFileType = sourcecode.swift; path = ButtonViewModel.swift; sourceTree = "<group>"; };
		91F1ED2525BC9A67005140FA /* ButtonView.swift */ = {isa = PBXFileReference; lastKnownFileType = sourcecode.swift; path = ButtonView.swift; sourceTree = "<group>"; };
		AF74650AEBCB961BE2F9F515 /* Pods_SwiftlyRedux_SwiftlyReduxUITests.framework */ = {isa = PBXFileReference; explicitFileType = wrapper.framework; includeInIndex = 0; path = Pods_SwiftlyRedux_SwiftlyReduxUITests.framework; sourceTree = BUILT_PRODUCTS_DIR; };
		BA5B281797697FE77DCA8AA4 /* Pods-SwiftlyRedux.debug.xcconfig */ = {isa = PBXFileReference; includeInIndex = 1; lastKnownFileType = text.xcconfig; name = "Pods-SwiftlyRedux.debug.xcconfig"; path = "Target Support Files/Pods-SwiftlyRedux/Pods-SwiftlyRedux.debug.xcconfig"; sourceTree = "<group>"; };
		D3446181593BDB104AFD7AD6 /* Pods-SwiftlyRedux.release.xcconfig */ = {isa = PBXFileReference; includeInIndex = 1; lastKnownFileType = text.xcconfig; name = "Pods-SwiftlyRedux.release.xcconfig"; path = "Target Support Files/Pods-SwiftlyRedux/Pods-SwiftlyRedux.release.xcconfig"; sourceTree = "<group>"; };
/* End PBXFileReference section */

/* Begin PBXFrameworksBuildPhase section */
		912A0F4325BBCFB8005D15FF /* Frameworks */ = {
			isa = PBXFrameworksBuildPhase;
			buildActionMask = 2147483647;
			files = (
				912A0FCA25BBD273005D15FF /* SDWebImageSwiftUI in Frameworks */,
				912A0FC425BBD259005D15FF /* SimpleApiClient in Frameworks */,
				912A103425BBD755005D15FF /* Colorful in Frameworks */,
				40CCAE0EF3655BA54C14F46E /* Pods_SwiftlyRedux.framework in Frameworks */,
			);
			runOnlyForDeploymentPostprocessing = 0;
		};
		912A0F5425BBCFBA005D15FF /* Frameworks */ = {
			isa = PBXFrameworksBuildPhase;
			buildActionMask = 2147483647;
			files = (
				A92C076F7F1C0B53820BD6F9 /* Pods_SwiftlyReduxTests.framework in Frameworks */,
			);
			runOnlyForDeploymentPostprocessing = 0;
		};
		912A0F5F25BBCFBA005D15FF /* Frameworks */ = {
			isa = PBXFrameworksBuildPhase;
			buildActionMask = 2147483647;
			files = (
				C9CD1E71FDDE285BE7835FA0 /* Pods_SwiftlyRedux_SwiftlyReduxUITests.framework in Frameworks */,
			);
			runOnlyForDeploymentPostprocessing = 0;
		};
/* End PBXFrameworksBuildPhase section */

/* Begin PBXGroup section */
		7E1C74CBAB47CB06C3407822 /* Frameworks */ = {
			isa = PBXGroup;
			children = (
				748B5358F30A202482597A9A /* Pods_SwiftlyRedux.framework */,
				AF74650AEBCB961BE2F9F515 /* Pods_SwiftlyRedux_SwiftlyReduxUITests.framework */,
				746BD59E1D3721DD0CDFA024 /* Pods_SwiftlyReduxTests.framework */,
			);
			name = Frameworks;
			sourceTree = "<group>";
		};
		912A0F3D25BBCFB8005D15FF = {
			isa = PBXGroup;
			children = (
				912A101025BBD4CD005D15FF /* GoogleService-Info.plist */,
				912A0F4825BBCFB8005D15FF /* SwiftlyRedux */,
				912A0F5A25BBCFBA005D15FF /* SwiftlyReduxTests */,
				912A0F6525BBCFBA005D15FF /* SwiftlyReduxUITests */,
				912A0F4725BBCFB8005D15FF /* Products */,
				E395C6EC0E8620F4BDEEEE35 /* Pods */,
				7E1C74CBAB47CB06C3407822 /* Frameworks */,
			);
			sourceTree = "<group>";
		};
		912A0F4725BBCFB8005D15FF /* Products */ = {
			isa = PBXGroup;
			children = (
				912A0F4625BBCFB8005D15FF /* SwiftlyRedux.app */,
				912A0F5725BBCFBA005D15FF /* SwiftlyReduxTests.xctest */,
				912A0F6225BBCFBA005D15FF /* SwiftlyReduxUITests.xctest */,
			);
			name = Products;
			sourceTree = "<group>";
		};
		912A0F4825BBCFB8005D15FF /* SwiftlyRedux */ = {
			isa = PBXGroup;
			children = (
				914BE6E425BC8A8F0018C9B1 /* Extensions */,
				914BE6D925BC899D0018C9B1 /* ViewModels */,
				914BE64425BC74650018C9B1 /* Views */,
				912A102C25BBD686005D15FF /* Environment */,
				912A101D25BBD644005D15FF /* Themes */,
				912A0FE925BBD3DD005D15FF /* Managers */,
				912A0FDF25BBD3A1005D15FF /* Models */,
				912A0FA425BBD203005D15FF /* Redux */,
				912A0F4925BBCFB8005D15FF /* SwiftlyReduxApp.swift */,
				912A0F4D25BBCFBA005D15FF /* Assets.xcassets */,
				912A0F5225BBCFBA005D15FF /* Info.plist */,
				912A0F4F25BBCFBA005D15FF /* Preview Content */,
			);
			path = SwiftlyRedux;
			sourceTree = "<group>";
		};
		912A0F4F25BBCFBA005D15FF /* Preview Content */ = {
			isa = PBXGroup;
			children = (
				912A0F5025BBCFBA005D15FF /* Preview Assets.xcassets */,
			);
			path = "Preview Content";
			sourceTree = "<group>";
		};
		912A0F5A25BBCFBA005D15FF /* SwiftlyReduxTests */ = {
			isa = PBXGroup;
			children = (
				912A0F5B25BBCFBA005D15FF /* SwiftlyReduxTests.swift */,
				912A0F5D25BBCFBA005D15FF /* Info.plist */,
			);
			path = SwiftlyReduxTests;
			sourceTree = "<group>";
		};
		912A0F6525BBCFBA005D15FF /* SwiftlyReduxUITests */ = {
			isa = PBXGroup;
			children = (
				912A0F6625BBCFBA005D15FF /* SwiftlyReduxUITests.swift */,
				912A0F6825BBCFBB005D15FF /* Info.plist */,
			);
			path = SwiftlyReduxUITests;
			sourceTree = "<group>";
		};
		912A0F7725BBCFD9005D15FF /* Firebase */ = {
			isa = PBXGroup;
			children = (
				912A0F9B25BBD1F9005D15FF /* FirebaseRealtimeManager.swift */,
				912A0F9C25BBD1F9005D15FF /* FireStorageManager.swift */,
				912A0F9D25BBD1F9005D15FF /* FirestoreManager.swift */,
			);
			path = Firebase;
			sourceTree = "<group>";
		};
		912A0FA425BBD203005D15FF /* Redux */ = {
			isa = PBXGroup;
			children = (
				912A0FDB25BBD2DC005D15FF /* Modules */,
				912A0FAD25BBD21F005D15FF /* DataCoordinator.swift */,
				912A0FAB25BBD21F005D15FF /* StateCoordinator.swift */,
				912A0FAE25BBD21F005D15FF /* Subscription.swift */,
			);
			path = Redux;
			sourceTree = "<group>";
		};
		912A0FDB25BBD2DC005D15FF /* Modules */ = {
			isa = PBXGroup;
			children = (
				912A0FB125BBD21F005D15FF /* Module.swift */,
				912A0FB325BBD21F005D15FF /* AuthModule.swift */,
				912A0FB425BBD21F005D15FF /* SessionModule.swift */,
				912A0FAF25BBD21F005D15FF /* MediaModule.swift */,
			);
			path = Modules;
			sourceTree = "<group>";
		};
		912A0FDF25BBD3A1005D15FF /* Models */ = {
			isa = PBXGroup;
			children = (
				912A0FE025BBD3AF005D15FF /* Profile.swift */,
				912A0FE125BBD3B0005D15FF /* RealtimeSession.swift */,
				914BE69225BC77510018C9B1 /* Media.swift */,
				914BE6C025BC7CAB0018C9B1 /* Feed.swift */,
			);
			path = Models;
			sourceTree = "<group>";
		};
		912A0FE925BBD3DD005D15FF /* Managers */ = {
			isa = PBXGroup;
			children = (
				912A0F7725BBCFD9005D15FF /* Firebase */,
				912A0FEA25BBD3EA005D15FF /* LoginValidator.swift */,
			);
			path = Managers;
			sourceTree = "<group>";
		};
		912A101D25BBD644005D15FF /* Themes */ = {
			isa = PBXGroup;
			children = (
				912A102525BBD66D005D15FF /* Default.swift */,
				912A102625BBD66D005D15FF /* Theme.swift */,
			);
			path = Themes;
			sourceTree = "<group>";
		};
		912A102C25BBD686005D15FF /* Environment */ = {
			isa = PBXGroup;
			children = (
				912A102D25BBD6A0005D15FF /* EnvironmentVars.swift */,
			);
			path = Environment;
			sourceTree = "<group>";
		};
		914BE64425BC74650018C9B1 /* Views */ = {
			isa = PBXGroup;
			children = (
				914BE6DF25BC89CF0018C9B1 /* ClosableTextField.swift */,
				912A0F4B25BBCFB8005D15FF /* HomePageView.swift */,
				914BE64525BC748C0018C9B1 /* LoadingViewModifier.swift */,
				914BE6CC25BC88C20018C9B1 /* ImagePicker.swift */,
				914BE6D125BC896A0018C9B1 /* LoginView.swift */,
				91F1ED0725BC9049005140FA /* HeaderView.swift */,
				91F1ED1125BC9740005140FA /* RegisterView.swift */,
				91F1ED1625BC9994005140FA /* ProfileView.swift */,
				91F1ED2525BC9A67005140FA /* ButtonView.swift */,
				912511F925BF722D001E071A /* LoadingView.swift */,
				912511FE25BF73D9001E071A /* FeedView.swift */,
				9125120D25BF750A001E071A /* MediaCell.swift */,
				9125121225BF7768001E071A /* PlayerView.swift */,
			);
			path = Views;
			sourceTree = "<group>";
		};
		914BE6D925BC899D0018C9B1 /* ViewModels */ = {
			isa = PBXGroup;
			children = (
				914BE6DA25BC89C60018C9B1 /* CloseableTextFieldViewModel.swift */,
				91F1ED0C25BC907E005140FA /* HeaderViewModel.swift */,
				91F1ED1B25BC99FA005140FA /* ProfileViewModel.swift */,
				91F1ED2025BC9A56005140FA /* ButtonViewModel.swift */,
				9125120325BF746F001E071A /* FeedViewModel.swift */,
				9125120825BF74E0001E071A /* MediaCellViewModel.swift */,
				9125121725BF7782001E071A /* PlayerViewModel.swift */,
			);
			path = ViewModels;
			sourceTree = "<group>";
		};
		914BE6E425BC8A8F0018C9B1 /* Extensions */ = {
			isa = PBXGroup;
			children = (
				914BE6E525BC8A9C0018C9B1 /* Color+ext.swift */,
			);
			path = Extensions;
			sourceTree = "<group>";
		};
		E395C6EC0E8620F4BDEEEE35 /* Pods */ = {
			isa = PBXGroup;
			children = (
				BA5B281797697FE77DCA8AA4 /* Pods-SwiftlyRedux.debug.xcconfig */,
				D3446181593BDB104AFD7AD6 /* Pods-SwiftlyRedux.release.xcconfig */,
				2A18409408A8E5A08554502A /* Pods-SwiftlyRedux-SwiftlyReduxUITests.debug.xcconfig */,
				23A537ADE3580346CA8472C7 /* Pods-SwiftlyRedux-SwiftlyReduxUITests.release.xcconfig */,
				6E224D23D2F077F597FFD4AE /* Pods-SwiftlyReduxTests.debug.xcconfig */,
				4EB53F30384003D01041C4D9 /* Pods-SwiftlyReduxTests.release.xcconfig */,
			);
			path = Pods;
			sourceTree = "<group>";
		};
/* End PBXGroup section */

/* Begin PBXNativeTarget section */
		912A0F4525BBCFB8005D15FF /* SwiftlyRedux */ = {
			isa = PBXNativeTarget;
			buildConfigurationList = 912A0F6B25BBCFBB005D15FF /* Build configuration list for PBXNativeTarget "SwiftlyRedux" */;
			buildPhases = (
				8C9829145EDE8E66F1A0381A /* [CP] Check Pods Manifest.lock */,
				912A0F4225BBCFB8005D15FF /* Sources */,
				912A0F4325BBCFB8005D15FF /* Frameworks */,
				912A0F4425BBCFB8005D15FF /* Resources */,
				55368FBA3570E125C0650604 /* [CP] Embed Pods Frameworks */,
			);
			buildRules = (
			);
			dependencies = (
			);
			name = SwiftlyRedux;
			packageProductDependencies = (
				912A0FC325BBD259005D15FF /* SimpleApiClient */,
				912A0FC925BBD273005D15FF /* SDWebImageSwiftUI */,
				912A103325BBD755005D15FF /* Colorful */,
			);
			productName = SwiftlyRedux;
			productReference = 912A0F4625BBCFB8005D15FF /* SwiftlyRedux.app */;
			productType = "com.apple.product-type.application";
		};
		912A0F5625BBCFBA005D15FF /* SwiftlyReduxTests */ = {
			isa = PBXNativeTarget;
			buildConfigurationList = 912A0F6E25BBCFBB005D15FF /* Build configuration list for PBXNativeTarget "SwiftlyReduxTests" */;
			buildPhases = (
				C2B7040159F3570C4C67F0A5 /* [CP] Check Pods Manifest.lock */,
				912A0F5325BBCFBA005D15FF /* Sources */,
				912A0F5425BBCFBA005D15FF /* Frameworks */,
				912A0F5525BBCFBA005D15FF /* Resources */,
			);
			buildRules = (
			);
			dependencies = (
				912A0F5925BBCFBA005D15FF /* PBXTargetDependency */,
			);
			name = SwiftlyReduxTests;
			productName = SwiftlyReduxTests;
			productReference = 912A0F5725BBCFBA005D15FF /* SwiftlyReduxTests.xctest */;
			productType = "com.apple.product-type.bundle.unit-test";
		};
		912A0F6125BBCFBA005D15FF /* SwiftlyReduxUITests */ = {
			isa = PBXNativeTarget;
			buildConfigurationList = 912A0F7125BBCFBB005D15FF /* Build configuration list for PBXNativeTarget "SwiftlyReduxUITests" */;
			buildPhases = (
				5B8183EA7ED95D0AC0BFB7BB /* [CP] Check Pods Manifest.lock */,
				912A0F5E25BBCFBA005D15FF /* Sources */,
				912A0F5F25BBCFBA005D15FF /* Frameworks */,
				912A0F6025BBCFBA005D15FF /* Resources */,
				9048F50F38D2CD86787EC9D2 /* [CP] Embed Pods Frameworks */,
			);
			buildRules = (
			);
			dependencies = (
				912A0F6425BBCFBA005D15FF /* PBXTargetDependency */,
			);
			name = SwiftlyReduxUITests;
			productName = SwiftlyReduxUITests;
			productReference = 912A0F6225BBCFBA005D15FF /* SwiftlyReduxUITests.xctest */;
			productType = "com.apple.product-type.bundle.ui-testing";
		};
/* End PBXNativeTarget section */

/* Begin PBXProject section */
		912A0F3E25BBCFB8005D15FF /* Project object */ = {
			isa = PBXProject;
			attributes = {
				LastSwiftUpdateCheck = 1230;
				LastUpgradeCheck = 1230;
				TargetAttributes = {
					912A0F4525BBCFB8005D15FF = {
						CreatedOnToolsVersion = 12.3;
					};
					912A0F5625BBCFBA005D15FF = {
						CreatedOnToolsVersion = 12.3;
						TestTargetID = 912A0F4525BBCFB8005D15FF;
					};
					912A0F6125BBCFBA005D15FF = {
						CreatedOnToolsVersion = 12.3;
						TestTargetID = 912A0F4525BBCFB8005D15FF;
					};
				};
			};
			buildConfigurationList = 912A0F4125BBCFB8005D15FF /* Build configuration list for PBXProject "SwiftlyRedux" */;
			compatibilityVersion = "Xcode 9.3";
			developmentRegion = en;
			hasScannedForEncodings = 0;
			knownRegions = (
				en,
				Base,
			);
			mainGroup = 912A0F3D25BBCFB8005D15FF;
			packageReferences = (
				912A0FC225BBD259005D15FF /* XCRemoteSwiftPackageReference "SimpleApiClient" */,
				912A0FC825BBD273005D15FF /* XCRemoteSwiftPackageReference "SDWebImageSwiftUI" */,
				912A103225BBD755005D15FF /* XCRemoteSwiftPackageReference "Colorful" */,
			);
			productRefGroup = 912A0F4725BBCFB8005D15FF /* Products */;
			projectDirPath = "";
			projectRoot = "";
			targets = (
				912A0F4525BBCFB8005D15FF /* SwiftlyRedux */,
				912A0F5625BBCFBA005D15FF /* SwiftlyReduxTests */,
				912A0F6125BBCFBA005D15FF /* SwiftlyReduxUITests */,
			);
		};
/* End PBXProject section */

/* Begin PBXResourcesBuildPhase section */
		912A0F4425BBCFB8005D15FF /* Resources */ = {
			isa = PBXResourcesBuildPhase;
			buildActionMask = 2147483647;
			files = (
				912A0F5125BBCFBA005D15FF /* Preview Assets.xcassets in Resources */,
				912A0F4E25BBCFBA005D15FF /* Assets.xcassets in Resources */,
				912A101125BBD4CD005D15FF /* GoogleService-Info.plist in Resources */,
			);
			runOnlyForDeploymentPostprocessing = 0;
		};
		912A0F5525BBCFBA005D15FF /* Resources */ = {
			isa = PBXResourcesBuildPhase;
			buildActionMask = 2147483647;
			files = (
			);
			runOnlyForDeploymentPostprocessing = 0;
		};
		912A0F6025BBCFBA005D15FF /* Resources */ = {
			isa = PBXResourcesBuildPhase;
			buildActionMask = 2147483647;
			files = (
			);
			runOnlyForDeploymentPostprocessing = 0;
		};
/* End PBXResourcesBuildPhase section */

/* Begin PBXShellScriptBuildPhase section */
		55368FBA3570E125C0650604 /* [CP] Embed Pods Frameworks */ = {
			isa = PBXShellScriptBuildPhase;
			buildActionMask = 2147483647;
			files = (
			);
			inputFileListPaths = (
				"${PODS_ROOT}/Target Support Files/Pods-SwiftlyRedux/Pods-SwiftlyRedux-frameworks-${CONFIGURATION}-input-files.xcfilelist",
			);
			name = "[CP] Embed Pods Frameworks";
			outputFileListPaths = (
				"${PODS_ROOT}/Target Support Files/Pods-SwiftlyRedux/Pods-SwiftlyRedux-frameworks-${CONFIGURATION}-output-files.xcfilelist",
			);
			runOnlyForDeploymentPostprocessing = 0;
			shellPath = /bin/sh;
			shellScript = "\"${PODS_ROOT}/Target Support Files/Pods-SwiftlyRedux/Pods-SwiftlyRedux-frameworks.sh\"\n";
			showEnvVarsInLog = 0;
		};
		5B8183EA7ED95D0AC0BFB7BB /* [CP] Check Pods Manifest.lock */ = {
			isa = PBXShellScriptBuildPhase;
			buildActionMask = 2147483647;
			files = (
			);
			inputFileListPaths = (
			);
			inputPaths = (
				"${PODS_PODFILE_DIR_PATH}/Podfile.lock",
				"${PODS_ROOT}/Manifest.lock",
			);
			name = "[CP] Check Pods Manifest.lock";
			outputFileListPaths = (
			);
			outputPaths = (
				"$(DERIVED_FILE_DIR)/Pods-SwiftlyRedux-SwiftlyReduxUITests-checkManifestLockResult.txt",
			);
			runOnlyForDeploymentPostprocessing = 0;
			shellPath = /bin/sh;
			shellScript = "diff \"${PODS_PODFILE_DIR_PATH}/Podfile.lock\" \"${PODS_ROOT}/Manifest.lock\" > /dev/null\nif [ $? != 0 ] ; then\n    # print error to STDERR\n    echo \"error: The sandbox is not in sync with the Podfile.lock. Run 'pod install' or update your CocoaPods installation.\" >&2\n    exit 1\nfi\n# This output is used by Xcode 'outputs' to avoid re-running this script phase.\necho \"SUCCESS\" > \"${SCRIPT_OUTPUT_FILE_0}\"\n";
			showEnvVarsInLog = 0;
		};
		8C9829145EDE8E66F1A0381A /* [CP] Check Pods Manifest.lock */ = {
			isa = PBXShellScriptBuildPhase;
			buildActionMask = 2147483647;
			files = (
			);
			inputFileListPaths = (
			);
			inputPaths = (
				"${PODS_PODFILE_DIR_PATH}/Podfile.lock",
				"${PODS_ROOT}/Manifest.lock",
			);
			name = "[CP] Check Pods Manifest.lock";
			outputFileListPaths = (
			);
			outputPaths = (
				"$(DERIVED_FILE_DIR)/Pods-SwiftlyRedux-checkManifestLockResult.txt",
			);
			runOnlyForDeploymentPostprocessing = 0;
			shellPath = /bin/sh;
			shellScript = "diff \"${PODS_PODFILE_DIR_PATH}/Podfile.lock\" \"${PODS_ROOT}/Manifest.lock\" > /dev/null\nif [ $? != 0 ] ; then\n    # print error to STDERR\n    echo \"error: The sandbox is not in sync with the Podfile.lock. Run 'pod install' or update your CocoaPods installation.\" >&2\n    exit 1\nfi\n# This output is used by Xcode 'outputs' to avoid re-running this script phase.\necho \"SUCCESS\" > \"${SCRIPT_OUTPUT_FILE_0}\"\n";
			showEnvVarsInLog = 0;
		};
		9048F50F38D2CD86787EC9D2 /* [CP] Embed Pods Frameworks */ = {
			isa = PBXShellScriptBuildPhase;
			buildActionMask = 2147483647;
			files = (
			);
			inputFileListPaths = (
				"${PODS_ROOT}/Target Support Files/Pods-SwiftlyRedux-SwiftlyReduxUITests/Pods-SwiftlyRedux-SwiftlyReduxUITests-frameworks-${CONFIGURATION}-input-files.xcfilelist",
			);
			name = "[CP] Embed Pods Frameworks";
			outputFileListPaths = (
				"${PODS_ROOT}/Target Support Files/Pods-SwiftlyRedux-SwiftlyReduxUITests/Pods-SwiftlyRedux-SwiftlyReduxUITests-frameworks-${CONFIGURATION}-output-files.xcfilelist",
			);
			runOnlyForDeploymentPostprocessing = 0;
			shellPath = /bin/sh;
			shellScript = "\"${PODS_ROOT}/Target Support Files/Pods-SwiftlyRedux-SwiftlyReduxUITests/Pods-SwiftlyRedux-SwiftlyReduxUITests-frameworks.sh\"\n";
			showEnvVarsInLog = 0;
		};
		C2B7040159F3570C4C67F0A5 /* [CP] Check Pods Manifest.lock */ = {
			isa = PBXShellScriptBuildPhase;
			buildActionMask = 2147483647;
			files = (
			);
			inputFileListPaths = (
			);
			inputPaths = (
				"${PODS_PODFILE_DIR_PATH}/Podfile.lock",
				"${PODS_ROOT}/Manifest.lock",
			);
			name = "[CP] Check Pods Manifest.lock";
			outputFileListPaths = (
			);
			outputPaths = (
				"$(DERIVED_FILE_DIR)/Pods-SwiftlyReduxTests-checkManifestLockResult.txt",
			);
			runOnlyForDeploymentPostprocessing = 0;
			shellPath = /bin/sh;
			shellScript = "diff \"${PODS_PODFILE_DIR_PATH}/Podfile.lock\" \"${PODS_ROOT}/Manifest.lock\" > /dev/null\nif [ $? != 0 ] ; then\n    # print error to STDERR\n    echo \"error: The sandbox is not in sync with the Podfile.lock. Run 'pod install' or update your CocoaPods installation.\" >&2\n    exit 1\nfi\n# This output is used by Xcode 'outputs' to avoid re-running this script phase.\necho \"SUCCESS\" > \"${SCRIPT_OUTPUT_FILE_0}\"\n";
			showEnvVarsInLog = 0;
		};
/* End PBXShellScriptBuildPhase section */

/* Begin PBXSourcesBuildPhase section */
		912A0F4225BBCFB8005D15FF /* Sources */ = {
			isa = PBXSourcesBuildPhase;
			buildActionMask = 2147483647;
			files = (
				9125120925BF74E0001E071A /* MediaCellViewModel.swift in Sources */,
				9125121825BF7782001E071A /* PlayerViewModel.swift in Sources */,
				912511FF25BF73D9001E071A /* FeedView.swift in Sources */,
				914BE64625BC748C0018C9B1 /* LoadingViewModifier.swift in Sources */,
				912A0F4C25BBCFB8005D15FF /* HomePageView.swift in Sources */,
				9125120E25BF750A001E071A /* MediaCell.swift in Sources */,
				914BE69325BC77510018C9B1 /* Media.swift in Sources */,
				912A0FA025BBD1F9005D15FF /* FirestoreManager.swift in Sources */,
				914BE6D225BC896A0018C9B1 /* LoginView.swift in Sources */,
				912A0F9F25BBD1F9005D15FF /* FireStorageManager.swift in Sources */,
				912A102E25BBD6A0005D15FF /* EnvironmentVars.swift in Sources */,
				914BE6E025BC89CF0018C9B1 /* ClosableTextField.swift in Sources */,
				91F1ED1225BC9740005140FA /* RegisterView.swift in Sources */,
				912A0FE325BBD3B0005D15FF /* Profile.swift in Sources */,
				914BE6CD25BC88C20018C9B1 /* ImagePicker.swift in Sources */,
				912A0F4A25BBCFB8005D15FF /* SwiftlyReduxApp.swift in Sources */,
				91F1ED1C25BC99FA005140FA /* ProfileViewModel.swift in Sources */,
				912A0FB525BBD21F005D15FF /* StateCoordinator.swift in Sources */,
				912A0FBB25BBD21F005D15FF /* Module.swift in Sources */,
				912A0FBD25BBD21F005D15FF /* AuthModule.swift in Sources */,
				912A102825BBD66D005D15FF /* Theme.swift in Sources */,
				91F1ED2625BC9A67005140FA /* ButtonView.swift in Sources */,
				912A0FB825BBD21F005D15FF /* Subscription.swift in Sources */,
				912A0FE425BBD3B0005D15FF /* RealtimeSession.swift in Sources */,
				912A102725BBD66D005D15FF /* Default.swift in Sources */,
				912511FA25BF722D001E071A /* LoadingView.swift in Sources */,
				914BE6DB25BC89C60018C9B1 /* CloseableTextFieldViewModel.swift in Sources */,
				91F1ED0825BC9049005140FA /* HeaderView.swift in Sources */,
				914BE6E625BC8A9C0018C9B1 /* Color+ext.swift in Sources */,
				9125120425BF746F001E071A /* FeedViewModel.swift in Sources */,
				91F1ED1725BC9994005140FA /* ProfileView.swift in Sources */,
				91F1ED2125BC9A56005140FA /* ButtonViewModel.swift in Sources */,
				912A0FBE25BBD21F005D15FF /* SessionModule.swift in Sources */,
				912A0FB925BBD21F005D15FF /* MediaModule.swift in Sources */,
				9125121325BF7768001E071A /* PlayerView.swift in Sources */,
				912A0FB725BBD21F005D15FF /* DataCoordinator.swift in Sources */,
				914BE6C125BC7CAB0018C9B1 /* Feed.swift in Sources */,
				91F1ED0D25BC907E005140FA /* HeaderViewModel.swift in Sources */,
				912A0FEB25BBD3EA005D15FF /* LoginValidator.swift in Sources */,
				912A0F9E25BBD1F9005D15FF /* FirebaseRealtimeManager.swift in Sources */,
			);
			runOnlyForDeploymentPostprocessing = 0;
		};
		912A0F5325BBCFBA005D15FF /* Sources */ = {
			isa = PBXSourcesBuildPhase;
			buildActionMask = 2147483647;
			files = (
				912A0F5C25BBCFBA005D15FF /* SwiftlyReduxTests.swift in Sources */,
			);
			runOnlyForDeploymentPostprocessing = 0;
		};
		912A0F5E25BBCFBA005D15FF /* Sources */ = {
			isa = PBXSourcesBuildPhase;
			buildActionMask = 2147483647;
			files = (
				912A0F6725BBCFBA005D15FF /* SwiftlyReduxUITests.swift in Sources */,
			);
			runOnlyForDeploymentPostprocessing = 0;
		};
/* End PBXSourcesBuildPhase section */

/* Begin PBXTargetDependency section */
		912A0F5925BBCFBA005D15FF /* PBXTargetDependency */ = {
			isa = PBXTargetDependency;
			target = 912A0F4525BBCFB8005D15FF /* SwiftlyRedux */;
			targetProxy = 912A0F5825BBCFBA005D15FF /* PBXContainerItemProxy */;
		};
		912A0F6425BBCFBA005D15FF /* PBXTargetDependency */ = {
			isa = PBXTargetDependency;
			target = 912A0F4525BBCFB8005D15FF /* SwiftlyRedux */;
			targetProxy = 912A0F6325BBCFBA005D15FF /* PBXContainerItemProxy */;
		};
/* End PBXTargetDependency section */

/* Begin XCBuildConfiguration section */
		912A0F6925BBCFBB005D15FF /* Debug */ = {
			isa = XCBuildConfiguration;
			buildSettings = {
				ALWAYS_SEARCH_USER_PATHS = NO;
				CLANG_ANALYZER_NONNULL = YES;
				CLANG_ANALYZER_NUMBER_OBJECT_CONVERSION = YES_AGGRESSIVE;
				CLANG_CXX_LANGUAGE_STANDARD = "gnu++14";
				CLANG_CXX_LIBRARY = "libc++";
				CLANG_ENABLE_MODULES = YES;
				CLANG_ENABLE_OBJC_ARC = YES;
				CLANG_ENABLE_OBJC_WEAK = YES;
				CLANG_WARN_BLOCK_CAPTURE_AUTORELEASING = YES;
				CLANG_WARN_BOOL_CONVERSION = YES;
				CLANG_WARN_COMMA = YES;
				CLANG_WARN_CONSTANT_CONVERSION = YES;
				CLANG_WARN_DEPRECATED_OBJC_IMPLEMENTATIONS = YES;
				CLANG_WARN_DIRECT_OBJC_ISA_USAGE = YES_ERROR;
				CLANG_WARN_DOCUMENTATION_COMMENTS = YES;
				CLANG_WARN_EMPTY_BODY = YES;
				CLANG_WARN_ENUM_CONVERSION = YES;
				CLANG_WARN_INFINITE_RECURSION = YES;
				CLANG_WARN_INT_CONVERSION = YES;
				CLANG_WARN_NON_LITERAL_NULL_CONVERSION = YES;
				CLANG_WARN_OBJC_IMPLICIT_RETAIN_SELF = YES;
				CLANG_WARN_OBJC_LITERAL_CONVERSION = YES;
				CLANG_WARN_OBJC_ROOT_CLASS = YES_ERROR;
				CLANG_WARN_QUOTED_INCLUDE_IN_FRAMEWORK_HEADER = YES;
				CLANG_WARN_RANGE_LOOP_ANALYSIS = YES;
				CLANG_WARN_STRICT_PROTOTYPES = YES;
				CLANG_WARN_SUSPICIOUS_MOVE = YES;
				CLANG_WARN_UNGUARDED_AVAILABILITY = YES_AGGRESSIVE;
				CLANG_WARN_UNREACHABLE_CODE = YES;
				CLANG_WARN__DUPLICATE_METHOD_MATCH = YES;
				COPY_PHASE_STRIP = NO;
				DEBUG_INFORMATION_FORMAT = dwarf;
				ENABLE_STRICT_OBJC_MSGSEND = YES;
				ENABLE_TESTABILITY = YES;
				GCC_C_LANGUAGE_STANDARD = gnu11;
				GCC_DYNAMIC_NO_PIC = NO;
				GCC_NO_COMMON_BLOCKS = YES;
				GCC_OPTIMIZATION_LEVEL = 0;
				GCC_PREPROCESSOR_DEFINITIONS = (
					"DEBUG=1",
					"$(inherited)",
				);
				GCC_WARN_64_TO_32_BIT_CONVERSION = YES;
				GCC_WARN_ABOUT_RETURN_TYPE = YES_ERROR;
				GCC_WARN_UNDECLARED_SELECTOR = YES;
				GCC_WARN_UNINITIALIZED_AUTOS = YES_AGGRESSIVE;
				GCC_WARN_UNUSED_FUNCTION = YES;
				GCC_WARN_UNUSED_VARIABLE = YES;
				IPHONEOS_DEPLOYMENT_TARGET = 14.3;
				MTL_ENABLE_DEBUG_INFO = INCLUDE_SOURCE;
				MTL_FAST_MATH = YES;
				ONLY_ACTIVE_ARCH = YES;
				SDKROOT = iphoneos;
				SWIFT_ACTIVE_COMPILATION_CONDITIONS = DEBUG;
				SWIFT_OPTIMIZATION_LEVEL = "-Onone";
			};
			name = Debug;
		};
		912A0F6A25BBCFBB005D15FF /* Release */ = {
			isa = XCBuildConfiguration;
			buildSettings = {
				ALWAYS_SEARCH_USER_PATHS = NO;
				CLANG_ANALYZER_NONNULL = YES;
				CLANG_ANALYZER_NUMBER_OBJECT_CONVERSION = YES_AGGRESSIVE;
				CLANG_CXX_LANGUAGE_STANDARD = "gnu++14";
				CLANG_CXX_LIBRARY = "libc++";
				CLANG_ENABLE_MODULES = YES;
				CLANG_ENABLE_OBJC_ARC = YES;
				CLANG_ENABLE_OBJC_WEAK = YES;
				CLANG_WARN_BLOCK_CAPTURE_AUTORELEASING = YES;
				CLANG_WARN_BOOL_CONVERSION = YES;
				CLANG_WARN_COMMA = YES;
				CLANG_WARN_CONSTANT_CONVERSION = YES;
				CLANG_WARN_DEPRECATED_OBJC_IMPLEMENTATIONS = YES;
				CLANG_WARN_DIRECT_OBJC_ISA_USAGE = YES_ERROR;
				CLANG_WARN_DOCUMENTATION_COMMENTS = YES;
				CLANG_WARN_EMPTY_BODY = YES;
				CLANG_WARN_ENUM_CONVERSION = YES;
				CLANG_WARN_INFINITE_RECURSION = YES;
				CLANG_WARN_INT_CONVERSION = YES;
				CLANG_WARN_NON_LITERAL_NULL_CONVERSION = YES;
				CLANG_WARN_OBJC_IMPLICIT_RETAIN_SELF = YES;
				CLANG_WARN_OBJC_LITERAL_CONVERSION = YES;
				CLANG_WARN_OBJC_ROOT_CLASS = YES_ERROR;
				CLANG_WARN_QUOTED_INCLUDE_IN_FRAMEWORK_HEADER = YES;
				CLANG_WARN_RANGE_LOOP_ANALYSIS = YES;
				CLANG_WARN_STRICT_PROTOTYPES = YES;
				CLANG_WARN_SUSPICIOUS_MOVE = YES;
				CLANG_WARN_UNGUARDED_AVAILABILITY = YES_AGGRESSIVE;
				CLANG_WARN_UNREACHABLE_CODE = YES;
				CLANG_WARN__DUPLICATE_METHOD_MATCH = YES;
				COPY_PHASE_STRIP = NO;
				DEBUG_INFORMATION_FORMAT = "dwarf-with-dsym";
				ENABLE_NS_ASSERTIONS = NO;
				ENABLE_STRICT_OBJC_MSGSEND = YES;
				GCC_C_LANGUAGE_STANDARD = gnu11;
				GCC_NO_COMMON_BLOCKS = YES;
				GCC_WARN_64_TO_32_BIT_CONVERSION = YES;
				GCC_WARN_ABOUT_RETURN_TYPE = YES_ERROR;
				GCC_WARN_UNDECLARED_SELECTOR = YES;
				GCC_WARN_UNINITIALIZED_AUTOS = YES_AGGRESSIVE;
				GCC_WARN_UNUSED_FUNCTION = YES;
				GCC_WARN_UNUSED_VARIABLE = YES;
				IPHONEOS_DEPLOYMENT_TARGET = 14.3;
				MTL_ENABLE_DEBUG_INFO = NO;
				MTL_FAST_MATH = YES;
				SDKROOT = iphoneos;
				SWIFT_COMPILATION_MODE = wholemodule;
				SWIFT_OPTIMIZATION_LEVEL = "-O";
				VALIDATE_PRODUCT = YES;
			};
			name = Release;
		};
		912A0F6C25BBCFBB005D15FF /* Debug */ = {
			isa = XCBuildConfiguration;
			baseConfigurationReference = BA5B281797697FE77DCA8AA4 /* Pods-SwiftlyRedux.debug.xcconfig */;
			buildSettings = {
				ASSETCATALOG_COMPILER_APPICON_NAME = AppIcon;
				ASSETCATALOG_COMPILER_GLOBAL_ACCENT_COLOR_NAME = AccentColor;
				CODE_SIGN_STYLE = Automatic;
				DEVELOPMENT_ASSET_PATHS = "\"SwiftlyRedux/Preview Content\"";
				DEVELOPMENT_TEAM = 24H8222GR4;
				ENABLE_PREVIEWS = YES;
				INFOPLIST_FILE = SwiftlyRedux/Info.plist;
				IPHONEOS_DEPLOYMENT_TARGET = 14.0;
				LD_RUNPATH_SEARCH_PATHS = (
					"$(inherited)",
					"@executable_path/Frameworks",
				);
				PRODUCT_BUNDLE_IDENTIFIER = com.wvabrinskas.SwiftlyRedux;
				PRODUCT_NAME = "$(TARGET_NAME)";
				SWIFT_VERSION = 5.0;
				TARGETED_DEVICE_FAMILY = "1,2";
			};
			name = Debug;
		};
		912A0F6D25BBCFBB005D15FF /* Release */ = {
			isa = XCBuildConfiguration;
			baseConfigurationReference = D3446181593BDB104AFD7AD6 /* Pods-SwiftlyRedux.release.xcconfig */;
			buildSettings = {
				ASSETCATALOG_COMPILER_APPICON_NAME = AppIcon;
				ASSETCATALOG_COMPILER_GLOBAL_ACCENT_COLOR_NAME = AccentColor;
				CODE_SIGN_STYLE = Automatic;
				DEVELOPMENT_ASSET_PATHS = "\"SwiftlyRedux/Preview Content\"";
				DEVELOPMENT_TEAM = 24H8222GR4;
				ENABLE_PREVIEWS = YES;
				INFOPLIST_FILE = SwiftlyRedux/Info.plist;
				IPHONEOS_DEPLOYMENT_TARGET = 14.0;
				LD_RUNPATH_SEARCH_PATHS = (
					"$(inherited)",
					"@executable_path/Frameworks",
				);
				PRODUCT_BUNDLE_IDENTIFIER = com.wvabrinskas.SwiftlyRedux;
				PRODUCT_NAME = "$(TARGET_NAME)";
				SWIFT_VERSION = 5.0;
				TARGETED_DEVICE_FAMILY = "1,2";
			};
			name = Release;
		};
		912A0F6F25BBCFBB005D15FF /* Debug */ = {
			isa = XCBuildConfiguration;
			baseConfigurationReference = 6E224D23D2F077F597FFD4AE /* Pods-SwiftlyReduxTests.debug.xcconfig */;
			buildSettings = {
				ALWAYS_EMBED_SWIFT_STANDARD_LIBRARIES = YES;
				BUNDLE_LOADER = "$(TEST_HOST)";
				CODE_SIGN_STYLE = Automatic;
				DEVELOPMENT_TEAM = 24H8222GR4;
				INFOPLIST_FILE = SwiftlyReduxTests/Info.plist;
				IPHONEOS_DEPLOYMENT_TARGET = 14.0;
				LD_RUNPATH_SEARCH_PATHS = (
					"$(inherited)",
					"@executable_path/Frameworks",
					"@loader_path/Frameworks",
				);
				PRODUCT_BUNDLE_IDENTIFIER = com.wvabrinskas.SwiftlyReduxTests;
				PRODUCT_NAME = "$(TARGET_NAME)";
				SWIFT_VERSION = 5.0;
				TARGETED_DEVICE_FAMILY = "1,2";
				TEST_HOST = "$(BUILT_PRODUCTS_DIR)/SwiftlyRedux.app/SwiftlyRedux";
			};
			name = Debug;
		};
		912A0F7025BBCFBB005D15FF /* Release */ = {
			isa = XCBuildConfiguration;
			baseConfigurationReference = 4EB53F30384003D01041C4D9 /* Pods-SwiftlyReduxTests.release.xcconfig */;
			buildSettings = {
				ALWAYS_EMBED_SWIFT_STANDARD_LIBRARIES = YES;
				BUNDLE_LOADER = "$(TEST_HOST)";
				CODE_SIGN_STYLE = Automatic;
				DEVELOPMENT_TEAM = 24H8222GR4;
				INFOPLIST_FILE = SwiftlyReduxTests/Info.plist;
				IPHONEOS_DEPLOYMENT_TARGET = 14.0;
				LD_RUNPATH_SEARCH_PATHS = (
					"$(inherited)",
					"@executable_path/Frameworks",
					"@loader_path/Frameworks",
				);
				PRODUCT_BUNDLE_IDENTIFIER = com.wvabrinskas.SwiftlyReduxTests;
				PRODUCT_NAME = "$(TARGET_NAME)";
				SWIFT_VERSION = 5.0;
				TARGETED_DEVICE_FAMILY = "1,2";
				TEST_HOST = "$(BUILT_PRODUCTS_DIR)/SwiftlyRedux.app/SwiftlyRedux";
			};
			name = Release;
		};
		912A0F7225BBCFBB005D15FF /* Debug */ = {
			isa = XCBuildConfiguration;
			baseConfigurationReference = 2A18409408A8E5A08554502A /* Pods-SwiftlyRedux-SwiftlyReduxUITests.debug.xcconfig */;
			buildSettings = {
				ALWAYS_EMBED_SWIFT_STANDARD_LIBRARIES = YES;
				CODE_SIGN_STYLE = Automatic;
				DEVELOPMENT_TEAM = 24H8222GR4;
				INFOPLIST_FILE = SwiftlyReduxUITests/Info.plist;
				LD_RUNPATH_SEARCH_PATHS = (
					"$(inherited)",
					"@executable_path/Frameworks",
					"@loader_path/Frameworks",
				);
				PRODUCT_BUNDLE_IDENTIFIER = com.wvabrinskas.SwiftlyReduxUITests;
				PRODUCT_NAME = "$(TARGET_NAME)";
				SWIFT_VERSION = 5.0;
				TARGETED_DEVICE_FAMILY = "1,2";
				TEST_TARGET_NAME = SwiftlyRedux;
			};
			name = Debug;
		};
		912A0F7325BBCFBB005D15FF /* Release */ = {
			isa = XCBuildConfiguration;
			baseConfigurationReference = 23A537ADE3580346CA8472C7 /* Pods-SwiftlyRedux-SwiftlyReduxUITests.release.xcconfig */;
			buildSettings = {
				ALWAYS_EMBED_SWIFT_STANDARD_LIBRARIES = YES;
				CODE_SIGN_STYLE = Automatic;
				DEVELOPMENT_TEAM = 24H8222GR4;
				INFOPLIST_FILE = SwiftlyReduxUITests/Info.plist;
				LD_RUNPATH_SEARCH_PATHS = (
					"$(inherited)",
					"@executable_path/Frameworks",
					"@loader_path/Frameworks",
				);
				PRODUCT_BUNDLE_IDENTIFIER = com.wvabrinskas.SwiftlyReduxUITests;
				PRODUCT_NAME = "$(TARGET_NAME)";
				SWIFT_VERSION = 5.0;
				TARGETED_DEVICE_FAMILY = "1,2";
				TEST_TARGET_NAME = SwiftlyRedux;
			};
			name = Release;
		};
/* End XCBuildConfiguration section */

/* Begin XCConfigurationList section */
		912A0F4125BBCFB8005D15FF /* Build configuration list for PBXProject "SwiftlyRedux" */ = {
			isa = XCConfigurationList;
			buildConfigurations = (
				912A0F6925BBCFBB005D15FF /* Debug */,
				912A0F6A25BBCFBB005D15FF /* Release */,
			);
			defaultConfigurationIsVisible = 0;
			defaultConfigurationName = Release;
		};
		912A0F6B25BBCFBB005D15FF /* Build configuration list for PBXNativeTarget "SwiftlyRedux" */ = {
			isa = XCConfigurationList;
			buildConfigurations = (
				912A0F6C25BBCFBB005D15FF /* Debug */,
				912A0F6D25BBCFBB005D15FF /* Release */,
			);
			defaultConfigurationIsVisible = 0;
			defaultConfigurationName = Release;
		};
		912A0F6E25BBCFBB005D15FF /* Build configuration list for PBXNativeTarget "SwiftlyReduxTests" */ = {
			isa = XCConfigurationList;
			buildConfigurations = (
				912A0F6F25BBCFBB005D15FF /* Debug */,
				912A0F7025BBCFBB005D15FF /* Release */,
			);
			defaultConfigurationIsVisible = 0;
			defaultConfigurationName = Release;
		};
		912A0F7125BBCFBB005D15FF /* Build configuration list for PBXNativeTarget "SwiftlyReduxUITests" */ = {
			isa = XCConfigurationList;
			buildConfigurations = (
				912A0F7225BBCFBB005D15FF /* Debug */,
				912A0F7325BBCFBB005D15FF /* Release */,
			);
			defaultConfigurationIsVisible = 0;
			defaultConfigurationName = Release;
		};
/* End XCConfigurationList section */

/* Begin XCRemoteSwiftPackageReference section */
		912A0FC225BBD259005D15FF /* XCRemoteSwiftPackageReference "SimpleApiClient" */ = {
			isa = XCRemoteSwiftPackageReference;
			repositoryURL = "git@github.com:wvabrinskas/SimpleApiClient.git";
			requirement = {
				kind = upToNextMajorVersion;
				minimumVersion = 1.0.0;
			};
		};
		912A0FC825BBD273005D15FF /* XCRemoteSwiftPackageReference "SDWebImageSwiftUI" */ = {
			isa = XCRemoteSwiftPackageReference;
			repositoryURL = "https://github.com/SDWebImage/SDWebImageSwiftUI.git";
			requirement = {
				kind = upToNextMajorVersion;
				minimumVersion = 1.5.0;
			};
		};
		912A103225BBD755005D15FF /* XCRemoteSwiftPackageReference "Colorful" */ = {
			isa = XCRemoteSwiftPackageReference;
			repositoryURL = "git@github.com:chackle/Colorful.git";
			requirement = {
				kind = upToNextMajorVersion;
				minimumVersion = 1.0.0;
			};
		};
/* End XCRemoteSwiftPackageReference section */

/* Begin XCSwiftPackageProductDependency section */
		912A0FC325BBD259005D15FF /* SimpleApiClient */ = {
			isa = XCSwiftPackageProductDependency;
			package = 912A0FC225BBD259005D15FF /* XCRemoteSwiftPackageReference "SimpleApiClient" */;
			productName = SimpleApiClient;
		};
		912A0FC925BBD273005D15FF /* SDWebImageSwiftUI */ = {
			isa = XCSwiftPackageProductDependency;
			package = 912A0FC825BBD273005D15FF /* XCRemoteSwiftPackageReference "SDWebImageSwiftUI" */;
			productName = SDWebImageSwiftUI;
		};
		912A103325BBD755005D15FF /* Colorful */ = {
			isa = XCSwiftPackageProductDependency;
			package = 912A103225BBD755005D15FF /* XCRemoteSwiftPackageReference "Colorful" */;
			productName = Colorful;
		};
/* End XCSwiftPackageProductDependency section */
	};
	rootObject = 912A0F3E25BBCFB8005D15FF /* Project object */;
}
